
Microsoft Visual Studio Solution File, Format Version 12.00
# Visual Studio Version 17
VisualStudioVersion = 17.9.34728.123
MinimumVisualStudioVersion = 10.0.40219.1
Project("{FAE04EC0-301F-11D3-BF4B-00C04F79EFBC}") = "MediaTekDocuments", "MediaTekDocuments\MediaTekDocuments.csproj", "{BFF945C7-BFF5-4372-9C19-0EB31F15C933}"
EndProject
Global
	GlobalSection(SolutionConfigurationPlatforms) = preSolution
		Debug|Any CPU = Debug|Any CPU
		Release|Any CPU = Release|Any CPU
	EndGlobalSection
	GlobalSection(ProjectConfigurationPlatforms) = postSolution
		{BFF945C7-BFF5-4372-9C19-0EB31F15C933}.Debug|Any CPU.ActiveCfg = Debug|Any CPU
		{BFF945C7-BFF5-4372-9C19-0EB31F15C933}.Debug|Any CPU.Build.0 = Debug|Any CPU
		{BFF945C7-BFF5-4372-9C19-0EB31F15C933}.Release|Any CPU.ActiveCfg = Release|Any CPU
		{BFF945C7-BFF5-4372-9C19-0EB31F15C933}.Release|Any CPU.Build.0 = Release|Any CPU
	EndGlobalSection
	GlobalSection(SolutionProperties) = preSolution
		HideSolutionNode = FALSE
	EndGlobalSection
	GlobalSection(ExtensibilityGlobals) = postSolution
		SolutionGuid = {37ED9579-38C0-417E-AD10-9840DB8D6AB3}
	EndGlobalSection
EndGlobal
